
Microsoft Visual Studio Solution File, Format Version 12.00
# Visual Studio Version 17
VisualStudioVersion = 17.2.32505.173
MinimumVisualStudioVersion = 10.0.40219.1
Project("{2150E333-8FDC-42A3-9474-1A3956D46DE8}") = "API", "API", "{DE3908D3-D9C0-4CF1-B974-4520B80BE497}"
EndProject
Project("{2150E333-8FDC-42A3-9474-1A3956D46DE8}") = "Application", "Application", "{21C3FEEF-0B9B-4FAE-882A-56C30D6D198D}"
EndProject
Project("{2150E333-8FDC-42A3-9474-1A3956D46DE8}") = "Domain", "Domain", "{00A4F0C7-0C5A-4E1F-B75A-259A107588CE}"
EndProject
Project("{2150E333-8FDC-42A3-9474-1A3956D46DE8}") = "Infra", "Infra", "{FB3A0FB6-F0E7-4EC0-A18A-3B77542CE5C0}"
EndProject
Project("{9A19103F-16F7-4668-BE54-9A1E7A4F7556}") = "JoinDev.Domain", "src\JoinDev.Domain\JoinDev.Domain.csproj", "{53DD46FB-0892-4F4B-B9BB-665135655CAC}"
EndProject
Project("{2150E333-8FDC-42A3-9474-1A3956D46DE8}") = "Data", "Data", "{4F2D165A-CDC9-423B-8DF9-6095C303DC85}"
EndProject
Project("{2150E333-8FDC-42A3-9474-1A3956D46DE8}") = "CrossCutting", "CrossCutting", "{D5AC0C80-60D9-43A5-B98C-09B8AEEF4A4A}"
EndProject
Project("{9A19103F-16F7-4668-BE54-9A1E7A4F7556}") = "JoinDev.Domain.Core", "src\JoinDev.Domain.Core\JoinDev.Domain.Core.csproj", "{054FB0D1-A6A3-4A31-A2EC-DFF84F975ED1}"
EndProject
Project("{9A19103F-16F7-4668-BE54-9A1E7A4F7556}") = "JoinDev.Infra.Data", "src\JoinDev.Infra.Data\JoinDev.Infra.Data.csproj", "{403ABD23-D5E4-4835-84B8-E9C080237EDB}"
EndProject
Project("{9A19103F-16F7-4668-BE54-9A1E7A4F7556}") = "JoinDev.API", "src\JoinDev.API\JoinDev.API.csproj", "{2D8DF271-BB88-49B6-9881-9CB68A5D32F8}"
EndProject
Project("{2150E333-8FDC-42A3-9474-1A3956D46DE8}") = "Tests", "Tests", "{90CDF4A5-9F24-43F5-B7F7-D10E38F25298}"
EndProject
Project("{9A19103F-16F7-4668-BE54-9A1E7A4F7556}") = "JoinDev.Domain.Tests", "tests\JoinDev.Domain.Tests\JoinDev.Domain.Tests.csproj", "{656BDCB4-1721-4390-9D7E-330EABA8F409}"
EndProject
Project("{9A19103F-16F7-4668-BE54-9A1E7A4F7556}") = "JoinDev.Infra.CrossCutting.Bus", "src\JoinDev.Infra.CrossCutting.Bus\JoinDev.Infra.CrossCutting.Bus.csproj", "{DF9EEB93-2E81-4177-B070-6E23A1CAD3B9}"
EndProject
Project("{9A19103F-16F7-4668-BE54-9A1E7A4F7556}") = "JoinDev.Infra.CrossCutting.IoC", "src\JoinDev.Infra.CrossCutting.IoC\JoinDev.Infra.CrossCutting.IoC.csproj", "{62125301-D879-4B62-9759-8984923746CB}"
EndProject
Project("{9A19103F-16F7-4668-BE54-9A1E7A4F7556}") = "JoinDev.Application", "src\JoinDev.Application\JoinDev.Application.csproj", "{CFBFA5D5-B6AE-4711-8B6B-EDB1785D4E55}"
EndProject
Project("{9A19103F-16F7-4668-BE54-9A1E7A4F7556}") = "JoinDev.Application.Commands", "src\JoinDev.Application.Commands\JoinDev.Application.Commands.csproj", "{A4EAB452-C9F1-4799-B85D-4091E82DBC64}"
EndProject
Project("{9A19103F-16F7-4668-BE54-9A1E7A4F7556}") = "JoinDev.Application.Queries", "src\JoinDev.Application.Queries\JoinDev.Application.Queries.csproj", "{D2BF3776-5A19-431F-BF9F-3E182D1DFE35}"
EndProject
Project("{FAE04EC0-301F-11D3-BF4B-00C04F79EFBC}") = "JoinDev.Infra.Data.Read", "src\JoinDev.Infra.Data.Read\JoinDev.Infra.Data.Read.csproj", "{9F9DB5B6-D2E2-4E37-98C8-380DB66AB025}"
EndProject
Global
	GlobalSection(SolutionConfigurationPlatforms) = preSolution
		Debug|Any CPU = Debug|Any CPU
		Release|Any CPU = Release|Any CPU
	EndGlobalSection
	GlobalSection(ProjectConfigurationPlatforms) = postSolution
		{53DD46FB-0892-4F4B-B9BB-665135655CAC}.Debug|Any CPU.ActiveCfg = Debug|Any CPU
		{53DD46FB-0892-4F4B-B9BB-665135655CAC}.Debug|Any CPU.Build.0 = Debug|Any CPU
		{53DD46FB-0892-4F4B-B9BB-665135655CAC}.Release|Any CPU.ActiveCfg = Release|Any CPU
		{53DD46FB-0892-4F4B-B9BB-665135655CAC}.Release|Any CPU.Build.0 = Release|Any CPU
		{054FB0D1-A6A3-4A31-A2EC-DFF84F975ED1}.Debug|Any CPU.ActiveCfg = Debug|Any CPU
		{054FB0D1-A6A3-4A31-A2EC-DFF84F975ED1}.Debug|Any CPU.Build.0 = Debug|Any CPU
		{054FB0D1-A6A3-4A31-A2EC-DFF84F975ED1}.Release|Any CPU.ActiveCfg = Release|Any CPU
		{054FB0D1-A6A3-4A31-A2EC-DFF84F975ED1}.Release|Any CPU.Build.0 = Release|Any CPU
		{403ABD23-D5E4-4835-84B8-E9C080237EDB}.Debug|Any CPU.ActiveCfg = Debug|Any CPU
		{403ABD23-D5E4-4835-84B8-E9C080237EDB}.Debug|Any CPU.Build.0 = Debug|Any CPU
		{403ABD23-D5E4-4835-84B8-E9C080237EDB}.Release|Any CPU.ActiveCfg = Release|Any CPU
		{403ABD23-D5E4-4835-84B8-E9C080237EDB}.Release|Any CPU.Build.0 = Release|Any CPU
		{2D8DF271-BB88-49B6-9881-9CB68A5D32F8}.Debug|Any CPU.ActiveCfg = Debug|Any CPU
		{2D8DF271-BB88-49B6-9881-9CB68A5D32F8}.Debug|Any CPU.Build.0 = Debug|Any CPU
		{2D8DF271-BB88-49B6-9881-9CB68A5D32F8}.Release|Any CPU.ActiveCfg = Release|Any CPU
		{2D8DF271-BB88-49B6-9881-9CB68A5D32F8}.Release|Any CPU.Build.0 = Release|Any CPU
		{656BDCB4-1721-4390-9D7E-330EABA8F409}.Debug|Any CPU.ActiveCfg = Debug|Any CPU
		{656BDCB4-1721-4390-9D7E-330EABA8F409}.Debug|Any CPU.Build.0 = Debug|Any CPU
		{656BDCB4-1721-4390-9D7E-330EABA8F409}.Release|Any CPU.ActiveCfg = Release|Any CPU
		{656BDCB4-1721-4390-9D7E-330EABA8F409}.Release|Any CPU.Build.0 = Release|Any CPU
		{DF9EEB93-2E81-4177-B070-6E23A1CAD3B9}.Debug|Any CPU.ActiveCfg = Debug|Any CPU
		{DF9EEB93-2E81-4177-B070-6E23A1CAD3B9}.Debug|Any CPU.Build.0 = Debug|Any CPU
		{DF9EEB93-2E81-4177-B070-6E23A1CAD3B9}.Release|Any CPU.ActiveCfg = Release|Any CPU
		{DF9EEB93-2E81-4177-B070-6E23A1CAD3B9}.Release|Any CPU.Build.0 = Release|Any CPU
		{62125301-D879-4B62-9759-8984923746CB}.Debug|Any CPU.ActiveCfg = Debug|Any CPU
		{62125301-D879-4B62-9759-8984923746CB}.Debug|Any CPU.Build.0 = Debug|Any CPU
		{62125301-D879-4B62-9759-8984923746CB}.Release|Any CPU.ActiveCfg = Release|Any CPU
		{62125301-D879-4B62-9759-8984923746CB}.Release|Any CPU.Build.0 = Release|Any CPU
		{CFBFA5D5-B6AE-4711-8B6B-EDB1785D4E55}.Debug|Any CPU.ActiveCfg = Debug|Any CPU
		{CFBFA5D5-B6AE-4711-8B6B-EDB1785D4E55}.Debug|Any CPU.Build.0 = Debug|Any CPU
		{CFBFA5D5-B6AE-4711-8B6B-EDB1785D4E55}.Release|Any CPU.ActiveCfg = Release|Any CPU
		{CFBFA5D5-B6AE-4711-8B6B-EDB1785D4E55}.Release|Any CPU.Build.0 = Release|Any CPU
		{A4EAB452-C9F1-4799-B85D-4091E82DBC64}.Debug|Any CPU.ActiveCfg = Debug|Any CPU
		{A4EAB452-C9F1-4799-B85D-4091E82DBC64}.Debug|Any CPU.Build.0 = Debug|Any CPU
		{A4EAB452-C9F1-4799-B85D-4091E82DBC64}.Release|Any CPU.ActiveCfg = Release|Any CPU
		{A4EAB452-C9F1-4799-B85D-4091E82DBC64}.Release|Any CPU.Build.0 = Release|Any CPU
		{D2BF3776-5A19-431F-BF9F-3E182D1DFE35}.Debug|Any CPU.ActiveCfg = Debug|Any CPU
		{D2BF3776-5A19-431F-BF9F-3E182D1DFE35}.Debug|Any CPU.Build.0 = Debug|Any CPU
		{D2BF3776-5A19-431F-BF9F-3E182D1DFE35}.Release|Any CPU.ActiveCfg = Release|Any CPU
		{D2BF3776-5A19-431F-BF9F-3E182D1DFE35}.Release|Any CPU.Build.0 = Release|Any CPU
		{9F9DB5B6-D2E2-4E37-98C8-380DB66AB025}.Debug|Any CPU.ActiveCfg = Debug|Any CPU
		{9F9DB5B6-D2E2-4E37-98C8-380DB66AB025}.Debug|Any CPU.Build.0 = Debug|Any CPU
		{9F9DB5B6-D2E2-4E37-98C8-380DB66AB025}.Release|Any CPU.ActiveCfg = Release|Any CPU
		{9F9DB5B6-D2E2-4E37-98C8-380DB66AB025}.Release|Any CPU.Build.0 = Release|Any CPU
	EndGlobalSection
	GlobalSection(SolutionProperties) = preSolution
		HideSolutionNode = FALSE
	EndGlobalSection
	GlobalSection(NestedProjects) = preSolution
		{53DD46FB-0892-4F4B-B9BB-665135655CAC} = {00A4F0C7-0C5A-4E1F-B75A-259A107588CE}
		{4F2D165A-CDC9-423B-8DF9-6095C303DC85} = {FB3A0FB6-F0E7-4EC0-A18A-3B77542CE5C0}
		{D5AC0C80-60D9-43A5-B98C-09B8AEEF4A4A} = {FB3A0FB6-F0E7-4EC0-A18A-3B77542CE5C0}
		{054FB0D1-A6A3-4A31-A2EC-DFF84F975ED1} = {00A4F0C7-0C5A-4E1F-B75A-259A107588CE}
		{403ABD23-D5E4-4835-84B8-E9C080237EDB} = {4F2D165A-CDC9-423B-8DF9-6095C303DC85}
		{2D8DF271-BB88-49B6-9881-9CB68A5D32F8} = {DE3908D3-D9C0-4CF1-B974-4520B80BE497}
		{90CDF4A5-9F24-43F5-B7F7-D10E38F25298} = {00A4F0C7-0C5A-4E1F-B75A-259A107588CE}
		{656BDCB4-1721-4390-9D7E-330EABA8F409} = {90CDF4A5-9F24-43F5-B7F7-D10E38F25298}
		{DF9EEB93-2E81-4177-B070-6E23A1CAD3B9} = {D5AC0C80-60D9-43A5-B98C-09B8AEEF4A4A}
		{62125301-D879-4B62-9759-8984923746CB} = {D5AC0C80-60D9-43A5-B98C-09B8AEEF4A4A}
		{CFBFA5D5-B6AE-4711-8B6B-EDB1785D4E55} = {21C3FEEF-0B9B-4FAE-882A-56C30D6D198D}
		{A4EAB452-C9F1-4799-B85D-4091E82DBC64} = {21C3FEEF-0B9B-4FAE-882A-56C30D6D198D}
		{D2BF3776-5A19-431F-BF9F-3E182D1DFE35} = {21C3FEEF-0B9B-4FAE-882A-56C30D6D198D}
		{9F9DB5B6-D2E2-4E37-98C8-380DB66AB025} = {4F2D165A-CDC9-423B-8DF9-6095C303DC85}
	EndGlobalSection
	GlobalSection(ExtensibilityGlobals) = postSolution
		SolutionGuid = {DAB8144C-F448-482A-8F3B-E5AA9191F207}
	EndGlobalSection
EndGlobal
