
Microsoft Visual Studio Solution File, Format Version 12.00
# Visual Studio Version 17
VisualStudioVersion = 17.2.32505.173
MinimumVisualStudioVersion = 10.0.40219.1
Project("{2150E333-8FDC-42A3-9474-1A3956D46DE8}") = "API", "API", "{DE3908D3-D9C0-4CF1-B974-4520B80BE497}"
EndProject
Project("{2150E333-8FDC-42A3-9474-1A3956D46DE8}") = "Application", "Application", "{21C3FEEF-0B9B-4FAE-882A-56C30D6D198D}"
EndProject
Project("{2150E333-8FDC-42A3-9474-1A3956D46DE8}") = "Domain", "Domain", "{00A4F0C7-0C5A-4E1F-B75A-259A107588CE}"
EndProject
Project("{2150E333-8FDC-42A3-9474-1A3956D46DE8}") = "Infra", "Infra", "{FB3A0FB6-F0E7-4EC0-A18A-3B77542CE5C0}"
EndProject
Project("{9A19103F-16F7-4668-BE54-9A1E7A4F7556}") = "JoinDev.Domain", "src\JoinDev.Domain\JoinDev.Domain.csproj", "{53DD46FB-0892-4F4B-B9BB-665135655CAC}"
EndProject
Project("{2150E333-8FDC-42A3-9474-1A3956D46DE8}") = "Data", "Data", "{4F2D165A-CDC9-423B-8DF9-6095C303DC85}"
EndProject
Project("{2150E333-8FDC-42A3-9474-1A3956D46DE8}") = "CrossCutting", "CrossCutting", "{D5AC0C80-60D9-43A5-B98C-09B8AEEF4A4A}"
EndProject
Project("{FAE04EC0-301F-11D3-BF4B-00C04F79EFBC}") = "JoinDev.Infra.Data.Write", "src\JoinDev.Infra.Data.Write\JoinDev.Infra.Data.Write.csproj", "{D2C77A0C-8A5B-4B35-BF91-36A4D7175055}"
EndProject
Project("{FAE04EC0-301F-11D3-BF4B-00C04F79EFBC}") = "JoinDev.Infra.Data.Read", "src\JoinDev.Infra.Data.Read\JoinDev.Infra.Data.Read.csproj", "{54D4324F-B32F-4C70-9393-6F2DFBBDD06C}"
EndProject
Project("{FAE04EC0-301F-11D3-BF4B-00C04F79EFBC}") = "JoinDev.Domain.Core", "src\JoinDev.Domain.Core\JoinDev.Domain.Core.csproj", "{054FB0D1-A6A3-4A31-A2EC-DFF84F975ED1}"
EndProject
Global
	GlobalSection(SolutionConfigurationPlatforms) = preSolution
		Debug|Any CPU = Debug|Any CPU
		Release|Any CPU = Release|Any CPU
	EndGlobalSection
	GlobalSection(ProjectConfigurationPlatforms) = postSolution
		{53DD46FB-0892-4F4B-B9BB-665135655CAC}.Debug|Any CPU.ActiveCfg = Debug|Any CPU
		{53DD46FB-0892-4F4B-B9BB-665135655CAC}.Debug|Any CPU.Build.0 = Debug|Any CPU
		{53DD46FB-0892-4F4B-B9BB-665135655CAC}.Release|Any CPU.ActiveCfg = Release|Any CPU
		{53DD46FB-0892-4F4B-B9BB-665135655CAC}.Release|Any CPU.Build.0 = Release|Any CPU
		{D2C77A0C-8A5B-4B35-BF91-36A4D7175055}.Debug|Any CPU.ActiveCfg = Debug|Any CPU
		{D2C77A0C-8A5B-4B35-BF91-36A4D7175055}.Debug|Any CPU.Build.0 = Debug|Any CPU
		{D2C77A0C-8A5B-4B35-BF91-36A4D7175055}.Release|Any CPU.ActiveCfg = Release|Any CPU
		{D2C77A0C-8A5B-4B35-BF91-36A4D7175055}.Release|Any CPU.Build.0 = Release|Any CPU
		{54D4324F-B32F-4C70-9393-6F2DFBBDD06C}.Debug|Any CPU.ActiveCfg = Debug|Any CPU
		{54D4324F-B32F-4C70-9393-6F2DFBBDD06C}.Debug|Any CPU.Build.0 = Debug|Any CPU
		{54D4324F-B32F-4C70-9393-6F2DFBBDD06C}.Release|Any CPU.ActiveCfg = Release|Any CPU
		{54D4324F-B32F-4C70-9393-6F2DFBBDD06C}.Release|Any CPU.Build.0 = Release|Any CPU
		{054FB0D1-A6A3-4A31-A2EC-DFF84F975ED1}.Debug|Any CPU.ActiveCfg = Debug|Any CPU
		{054FB0D1-A6A3-4A31-A2EC-DFF84F975ED1}.Debug|Any CPU.Build.0 = Debug|Any CPU
		{054FB0D1-A6A3-4A31-A2EC-DFF84F975ED1}.Release|Any CPU.ActiveCfg = Release|Any CPU
		{054FB0D1-A6A3-4A31-A2EC-DFF84F975ED1}.Release|Any CPU.Build.0 = Release|Any CPU
	EndGlobalSection
	GlobalSection(SolutionProperties) = preSolution
		HideSolutionNode = FALSE
	EndGlobalSection
	GlobalSection(NestedProjects) = preSolution
		{53DD46FB-0892-4F4B-B9BB-665135655CAC} = {00A4F0C7-0C5A-4E1F-B75A-259A107588CE}
		{4F2D165A-CDC9-423B-8DF9-6095C303DC85} = {FB3A0FB6-F0E7-4EC0-A18A-3B77542CE5C0}
		{D5AC0C80-60D9-43A5-B98C-09B8AEEF4A4A} = {FB3A0FB6-F0E7-4EC0-A18A-3B77542CE5C0}
		{D2C77A0C-8A5B-4B35-BF91-36A4D7175055} = {4F2D165A-CDC9-423B-8DF9-6095C303DC85}
		{54D4324F-B32F-4C70-9393-6F2DFBBDD06C} = {4F2D165A-CDC9-423B-8DF9-6095C303DC85}
		{054FB0D1-A6A3-4A31-A2EC-DFF84F975ED1} = {00A4F0C7-0C5A-4E1F-B75A-259A107588CE}
	EndGlobalSection
	GlobalSection(ExtensibilityGlobals) = postSolution
		SolutionGuid = {DAB8144C-F448-482A-8F3B-E5AA9191F207}
	EndGlobalSection
EndGlobal
